{
  "name": "tracestep",
  "version": "0.0.1",
  "lockfileVersion": 1,
  "requires": true,
  "dependencies": {
    "@types/node": {
      "version": "13.11.1",
      "resolved": "https://registry.npmjs.org/@types/node/-/node-13.11.1.tgz",
      "integrity": "sha512-eWQGP3qtxwL8FGneRrC5DwrJLGN4/dH1clNTuLfN81HCrxVtxRjygDTUoZJ5ASlDEeo0ppYFQjQIlXhtXpOn6g=="
    },
    "@types/source-map-support": {
      "version": "0.5.1",
      "resolved": "https://registry.npmjs.org/@types/source-map-support/-/source-map-support-0.5.1.tgz",
      "integrity": "sha512-VDqnZe9D2zR19qbeRvwYyHSp7AtUtCkTaRVFQ8wzwH9TXw9kKKq/vBhfEnFEXVupO2M0lBMA9mr/XyQ6gEkUOA==",
      "requires": {
        "@types/node": "*"
      }
    },
    "buffer-from": {
      "version": "1.1.1",
      "resolved": "https://registry.npmjs.org/buffer-from/-/buffer-from-1.1.1.tgz",
      "integrity": "sha512-MQcXEUbCKtEo7bhqEs6560Hyd4XaovZlO/k9V3hjVUF/zwW7KBVdSK4gIt/bzwS9MbR5qob+F5jusZsb0YQK2A=="
    },
    "clarify": {
      "version": "2.1.0",
      "resolved": "https://registry.npmjs.org/clarify/-/clarify-2.1.0.tgz",
      "integrity": "sha512-sWdsTozdtoFQbmncCXqCKeUzQbEZul/WJ8xYGVJgfIf4xMEM5q0La+Gjo2MFNOVL0FfTFteHqw6JX+9M71dAdQ==",
      "requires": {
        "stack-chain": "^2.0.0"
      }
    },
    "opentracing": {
      "version": "0.14.4",
      "resolved": "https://registry.npmjs.org/opentracing/-/opentracing-0.14.4.tgz",
      "integrity": "sha512-nNnZDkUNExBwEpb7LZaeMeQgvrlO8l4bgY/LvGNZCR0xG/dGWqHqjKrAmR5GUoYo0FIz38kxasvA1aevxWs2CA=="
    },
    "source-map": {
      "version": "0.6.1",
      "resolved": "https://registry.npmjs.org/source-map/-/source-map-0.6.1.tgz",
      "integrity": "sha512-UjgapumWlbMhkBgzT7Ykc5YXUT46F0iKu8SGXq0bcwP5dz/h0Plj6enJqjz1Zbq2l5WaqYnrVbwWOWMyF3F47g=="
    },
    "source-map-support": {
      "version": "0.5.16",
      "resolved": "https://registry.npmjs.org/source-map-support/-/source-map-support-0.5.16.tgz",
      "integrity": "sha512-efyLRJDr68D9hBBNIPWFjhpFzURh+KJykQwvMyW5UiZzYwoF6l4YMMDIJJEyFWxWCqfyxLzz6tSfUFR+kXXsVQ==",
      "requires": {
        "buffer-from": "^1.0.0",
        "source-map": "^0.6.0"
      }
    },
    "stack-chain": {
      "version": "2.0.0",
      "resolved": "https://registry.npmjs.org/stack-chain/-/stack-chain-2.0.0.tgz",
      "integrity": "sha512-GGrHXePi305aW7XQweYZZwiRwR7Js3MWoK/EHzzB9ROdc75nCnjSJVi21rdAGxFl+yCx2L2qdfl5y7NO4lTyqg=="
    },
    "trace": {
      "version": "3.1.1",
      "resolved": "https://registry.npmjs.org/trace/-/trace-3.1.1.tgz",
      "integrity": "sha512-iVxFnDKps8bCRQ6kXj66rHYFJY3fNkoYPHeFTFZn89YdwmmQ9Hz97IFPf3NdfbCF3zuqUqFpRNTu6N9+eZR2qg==",
      "requires": {
        "stack-chain": "^2.0.0"
      }
    }
  }
}
